github.com/go-sql-driver/mysql v1.6.0 h1:BCTh4TKNUYmOmMUcQ3IipzF5prigylS7XXjEkfCHuOE=
github.com/go-sql-driver/mysql v1.6.0/go.mod h1:DCzpHaOWr8IXmIStZouvnhqoel9Qv2LBy8hT2VhHyBg=
github.com/google/uuid v1.3.0 h1:t6JiXgmwXMjEs8VusXIJk2BXHsn+wx8BZdTaoZ5fu7I=
github.com/google/uuid v1.3.0/go.mod h1:TIyPZe4MgqvfeYDBFedMoGGpEw/LqOeaOT+nhxU+yHo=
gopkg.in/go-ini/ini.v1 v1.63.2 h1:u3gDeT3/RzrpK/BFT+lEq+6qndGBhzXkavTDKKRU54U=
gopkg.in/go-ini/ini.v1 v1.63.2/go.mod h1:M74/hG4RTwbkZyTEZ9iQwM4v6dFD4u6QBjoqT/pM8Kg=
